# This file is automatically @generated by Cargo.
# It is not intended for manual editing.
[[package]]
name = "aho-corasick"
version = "0.7.15"
source = "registry+https://github.com/rust-lang/crates.io-index"
checksum = "7404febffaa47dac81aa44dba71523c9d069b1bdc50a77db41195149e17f68e5"
dependencies = [
 "memchr",
]

[[package]]
name = "autocfg"
version = "1.0.1"
source = "registry+https://github.com/rust-lang/crates.io-index"
checksum = "cdb031dd78e28731d87d56cc8ffef4a8f36ca26c38fe2de700543e627f8a464a"

[[package]]
name = "cc"
version = "1.0.66"
source = "registry+https://github.com/rust-lang/crates.io-index"
checksum = "4c0496836a84f8d0495758516b8621a622beb77c0fed418570e50764093ced48"
dependencies = [
 "jobserver",
]

[[package]]
name = "cfg-if"
version = "0.1.10"
source = "registry+https://github.com/rust-lang/crates.io-index"
checksum = "4785bdd1c96b2a846b2bd7cc02e86b6b3dbf14e7e53446c4f54c92a361040822"

[[package]]
name = "clang"
version = "1.0.3"
source = "registry+https://github.com/rust-lang/crates.io-index"
checksum = "34c6913be3a1c94f52fb975cdec7ef5a7b69de10a55de66dcbc30d7046b85fa1"
dependencies = [
 "clang-sys",
 "libc",
]

[[package]]
name = "clang-sys"
version = "1.0.3"
source = "registry+https://github.com/rust-lang/crates.io-index"
checksum = "0659001ab56b791be01d4b729c44376edc6718cf389a502e579b77b758f3296c"
dependencies = [
 "glob",
 "libc",
]

[[package]]
name = "dunce"
version = "1.0.1"
source = "registry+https://github.com/rust-lang/crates.io-index"
checksum = "b2641c4a7c0c4101df53ea572bffdc561c146f6c2eb09e4df02bc4811e3feeb4"

[[package]]
name = "fuse"
version = "0.4.0-dev"
source = "git+https://github.com/zargony/fuse-rs?rev=39fde4a5c47ce370d228ac190f950bd835db7f47#39fde4a5c47ce370d228ac190f950bd835db7f47"
dependencies = [
 "fuse-abi",
 "fuse-sys",
 "libc",
 "log",
 "thread-scoped",
]

[[package]]
name = "fuse-abi"
version = "0.4.0-dev"
source = "git+https://github.com/zargony/fuse-rs?rev=39fde4a5c47ce370d228ac190f950bd835db7f47#39fde4a5c47ce370d228ac190f950bd835db7f47"

[[package]]
name = "fuse-sys"
version = "0.4.0-dev"
source = "git+https://github.com/zargony/fuse-rs?rev=39fde4a5c47ce370d228ac190f950bd835db7f47#39fde4a5c47ce370d228ac190f950bd835db7f47"
dependencies = [
 "pkg-config",
]

[[package]]
name = "glob"
version = "0.3.0"
source = "registry+https://github.com/rust-lang/crates.io-index"
checksum = "9b919933a397b79c37e33b77bb2aa3dc8eb6e165ad809e58ff75bc7db2e34574"

[[package]]
name = "jobserver"
version = "0.1.21"
source = "registry+https://github.com/rust-lang/crates.io-index"
checksum = "5c71313ebb9439f74b00d9d2dcec36440beaf57a6aa0623068441dd7cd81a7f2"
dependencies = [
 "libc",
]

[[package]]
name = "lazy_static"
version = "1.4.0"
source = "registry+https://github.com/rust-lang/crates.io-index"
checksum = "e2abad23fbc42b3700f2f279844dc832adb2b2eb069b2df918f455c4e18cc646"

[[package]]
name = "libc"
version = "0.2.81"
source = "registry+https://github.com/rust-lang/crates.io-index"
checksum = "1482821306169ec4d07f6aca392a4681f66c75c9918aa49641a2595db64053cb"

[[package]]
name = "log"
version = "0.4.11"
source = "registry+https://github.com/rust-lang/crates.io-index"
checksum = "4fabed175da42fed1fa0746b0ea71f412aa9d35e76e95e59b192c64b9dc2bf8b"
dependencies = [
 "cfg-if",
]

[[package]]
name = "maplit"
version = "1.0.2"
source = "registry+https://github.com/rust-lang/crates.io-index"
checksum = "3e2e65a1a2e43cfcb47a895c4c8b10d1f4a61097f9f254f183aee60cad9c651d"

[[package]]
name = "memchr"
version = "2.3.4"
source = "registry+https://github.com/rust-lang/crates.io-index"
checksum = "0ee1c47aaa256ecabcaea351eae4a9b01ef39ed810004e298d2511ed284b1525"

[[package]]
name = "num-traits"
version = "0.2.14"
source = "registry+https://github.com/rust-lang/crates.io-index"
checksum = "9a64b1ec5cda2586e284722486d802acf1f7dbdc623e2bfc57e65ca1cd099290"
dependencies = [
 "autocfg",
]

[[package]]
name = "once_cell"
version = "1.5.2"
source = "registry+https://github.com/rust-lang/crates.io-index"
checksum = "13bd41f508810a131401606d54ac32a467c97172d74ba7662562ebba5ad07fa0"

[[package]]
name = "opencv"
version = "0.46.3"
source = "registry+https://github.com/rust-lang/crates.io-index"
checksum = "aaceb178970cea3be8e8d7a1554d496092be90847cf1cccc846bfa118a63f9ce"
dependencies = [
 "cc",
 "clang",
 "dunce",
 "glob",
 "jobserver",
 "libc",
 "num-traits",
 "once_cell",
 "opencv-binding-generator",
 "pkg-config",
 "semver",
 "shlex",
 "vcpkg",
]

[[package]]
name = "opencv-binding-generator"
version = "0.21.3"
source = "registry+https://github.com/rust-lang/crates.io-index"
checksum = "a2f60ec2ee0b06d1266f37d7c083417412858410fd6e91b1353fb69ac797d8cf"
dependencies = [
 "clang",
 "clang-sys",
 "dunce",
 "maplit",
 "once_cell",
 "percent-encoding",
 "regex",
]

[[package]]
name = "percent-encoding"
version = "2.1.0"
source = "registry+https://github.com/rust-lang/crates.io-index"
checksum = "d4fd5641d01c8f18a23da7b6fe29298ff4b55afcccdf78973b24cf3175fee32e"

[[package]]
name = "pkg-config"
version = "0.3.19"
source = "registry+https://github.com/rust-lang/crates.io-index"
checksum = "3831453b3449ceb48b6d9c7ad7c96d5ea673e9b470a1dc578c2ce6521230884c"

[[package]]
name = "regex"
version = "1.4.2"
source = "registry+https://github.com/rust-lang/crates.io-index"
checksum = "38cf2c13ed4745de91a5eb834e11c00bcc3709e773173b2ce4c56c9fbde04b9c"
dependencies = [
 "aho-corasick",
 "memchr",
 "regex-syntax",
 "thread_local",
]

[[package]]
name = "regex-syntax"
version = "0.6.21"
source = "registry+https://github.com/rust-lang/crates.io-index"
checksum = "3b181ba2dcf07aaccad5448e8ead58db5b742cf85dfe035e2227f137a539a189"

[[package]]
name = "semver"
version = "0.10.0"
source = "registry+https://github.com/rust-lang/crates.io-index"
checksum = "394cec28fa623e00903caf7ba4fa6fb9a0e260280bb8cdbbba029611108a0190"
dependencies = [
 "semver-parser",
]

[[package]]
name = "semver-parser"
version = "0.7.0"
source = "registry+https://github.com/rust-lang/crates.io-index"
checksum = "388a1df253eca08550bef6c72392cfe7c30914bf41df5269b68cbd6ff8f570a3"

[[package]]
name = "shlex"
version = "0.1.1"
source = "registry+https://github.com/rust-lang/crates.io-index"
checksum = "7fdf1b9db47230893d76faad238fd6097fd6d6a9245cd7a4d90dbd639536bbd2"

[[package]]
name = "thread-scoped"
version = "1.0.2"
source = "registry+https://github.com/rust-lang/crates.io-index"
checksum = "bcbb6aa301e5d3b0b5ef639c9a9c7e2f1c944f177b460c04dc24c69b1fa2bd99"

[[package]]
name = "thread_local"
version = "1.0.1"
source = "registry+https://github.com/rust-lang/crates.io-index"
checksum = "d40c6d1b69745a6ec6fb1ca717914848da4b44ae29d9b3080cbee91d72a69b14"
dependencies = [
 "lazy_static",
]

[[package]]
name = "time"
version = "0.1.44"
source = "registry+https://github.com/rust-lang/crates.io-index"
checksum = "6db9e6914ab8b1ae1c260a4ae7a49b6c5611b40328a735b21862567685e73255"
dependencies = [
 "libc",
 "wasi",
 "winapi",
]

[[package]]
name = "vcpkg"
version = "0.2.11"
source = "registry+https://github.com/rust-lang/crates.io-index"
checksum = "b00bca6106a5e23f3eee943593759b7fcddb00554332e856d990c893966879fb"

[[package]]
name = "video-frame-fuse"
version = "0.1.0"
dependencies = [
 "fuse",
 "libc",
 "opencv",
 "time",
]

[[package]]
name = "wasi"
version = "0.10.0+wasi-snapshot-preview1"
source = "registry+https://github.com/rust-lang/crates.io-index"
checksum = "1a143597ca7c7793eff794def352d41792a93c481eb1042423ff7ff72ba2c31f"

[[package]]
name = "winapi"
version = "0.3.9"
source = "registry+https://github.com/rust-lang/crates.io-index"
checksum = "5c839a674fcd7a98952e593242ea400abe93992746761e38641405d28b00f419"
dependencies = [
 "winapi-i686-pc-windows-gnu",
 "winapi-x86_64-pc-windows-gnu",
]

[[package]]
name = "winapi-i686-pc-windows-gnu"
version = "0.4.0"
source = "registry+https://github.com/rust-lang/crates.io-index"
checksum = "ac3b87c63620426dd9b991e5ce0329eff545bccbbb34f3be09ff6fb6ab51b7b6"

[[package]]
name = "winapi-x86_64-pc-windows-gnu"
version = "0.4.0"
source = "registry+https://github.com/rust-lang/crates.io-index"
checksum = "712e227841d057c1ee1cd2fb22fa7e5a5461ae8e48fa2ca79ec42cfc1931183f"
