# This file is automatically @generated by Cargo.
# It is not intended for manual editing.
[[package]]
name = "aho-corasick"
version = "0.7.15"
source = "registry+https://github.com/rust-lang/crates.io-index"
checksum = "7404febffaa47dac81aa44dba71523c9d069b1bdc50a77db41195149e17f68e5"
dependencies = [
 "memchr",
]

[[package]]
name = "autocfg"
version = "1.0.1"
source = "registry+https://github.com/rust-lang/crates.io-index"
checksum = "cdb031dd78e28731d87d56cc8ffef4a8f36ca26c38fe2de700543e627f8a464a"

[[package]]
name = "cc"
version = "1.0.66"
source = "registry+https://github.com/rust-lang/crates.io-index"
checksum = "4c0496836a84f8d0495758516b8621a622beb77c0fed418570e50764093ced48"
dependencies = [
 "jobserver",
]

[[package]]
name = "cfg-if"
version = "0.1.10"
source = "registry+https://github.com/rust-lang/crates.io-index"
checksum = "4785bdd1c96b2a846b2bd7cc02e86b6b3dbf14e7e53446c4f54c92a361040822"

[[package]]
name = "clang"
version = "1.0.3"
source = "registry+https://github.com/rust-lang/crates.io-index"
checksum = "34c6913be3a1c94f52fb975cdec7ef5a7b69de10a55de66dcbc30d7046b85fa1"
dependencies = [
 "clang-sys",
 "libc",
]

[[package]]
name = "clang-sys"
version = "1.0.3"
source = "registry+https://github.com/rust-lang/crates.io-index"
checksum = "0659001ab56b791be01d4b729c44376edc6718cf389a502e579b77b758f3296c"
dependencies = [
 "glob",
 "libc",
]

[[package]]
name = "dunce"
version = "1.0.1"
source = "registry+https://github.com/rust-lang/crates.io-index"
checksum = "b2641c4a7c0c4101df53ea572bffdc561c146f6c2eb09e4df02bc4811e3feeb4"

[[package]]
name = "fuse"
version = "0.4.0-dev"
source = "git+https://github.com/zargony/fuse-rs?rev=39fde4a5c47ce370d228ac190f950bd835db7f47#39fde4a5c47ce370d228ac190f950bd835db7f47"
dependencies = [
 "fuse-abi",
 "fuse-sys",
 "libc",
 "log",
 "thread-scoped",
]

[[package]]
name = "fuse-abi"
version = "0.4.0-dev"
source = "git+https://github.com/zargony/fuse-rs?rev=39fde4a5c47ce370d228ac190f950bd835db7f47#39fde4a5c47ce370d228ac190f950bd835db7f47"

[[package]]
name = "fuse-sys"
version = "0.4.0-dev"
source = "git+https://github.com/zargony/fuse-rs?rev=39fde4a5c47ce370d228ac190f950bd835db7f47#39fde4a5c47ce370d228ac190f950bd835db7f47"
dependencies = [
 "pkg-config",
]

[[package]]
name = "futures-core"
version = "0.3.8"
source = "registry+https://github.com/rust-lang/crates.io-index"
checksum = "847ce131b72ffb13b6109a221da9ad97a64cbe48feb1028356b836b47b8f1748"

[[package]]
name = "genawaiter"
version = "0.99.1"
source = "registry+https://github.com/rust-lang/crates.io-index"
checksum = "c86bd0361bcbde39b13475e6e36cb24c329964aa2611be285289d1e4b751c1a0"
dependencies = [
 "futures-core",
 "genawaiter-macro",
 "genawaiter-proc-macro",
 "proc-macro-hack",
]

[[package]]
name = "genawaiter-macro"
version = "0.99.1"
source = "registry+https://github.com/rust-lang/crates.io-index"
checksum = "0b32dfe1fdfc0bbde1f22a5da25355514b5e450c33a6af6770884c8750aedfbc"

[[package]]
name = "genawaiter-proc-macro"
version = "0.99.1"
source = "registry+https://github.com/rust-lang/crates.io-index"
checksum = "784f84eebc366e15251c4a8c3acee82a6a6f427949776ecb88377362a9621738"
dependencies = [
 "proc-macro-error",
 "proc-macro-hack",
 "proc-macro2",
 "quote",
 "syn",
]

[[package]]
name = "glob"
version = "0.3.0"
source = "registry+https://github.com/rust-lang/crates.io-index"
checksum = "9b919933a397b79c37e33b77bb2aa3dc8eb6e165ad809e58ff75bc7db2e34574"

[[package]]
name = "jobserver"
version = "0.1.21"
source = "registry+https://github.com/rust-lang/crates.io-index"
checksum = "5c71313ebb9439f74b00d9d2dcec36440beaf57a6aa0623068441dd7cd81a7f2"
dependencies = [
 "libc",
]

[[package]]
name = "lazy_static"
version = "1.4.0"
source = "registry+https://github.com/rust-lang/crates.io-index"
checksum = "e2abad23fbc42b3700f2f279844dc832adb2b2eb069b2df918f455c4e18cc646"

[[package]]
name = "libc"
version = "0.2.81"
source = "registry+https://github.com/rust-lang/crates.io-index"
checksum = "1482821306169ec4d07f6aca392a4681f66c75c9918aa49641a2595db64053cb"

[[package]]
name = "log"
version = "0.4.11"
source = "registry+https://github.com/rust-lang/crates.io-index"
checksum = "4fabed175da42fed1fa0746b0ea71f412aa9d35e76e95e59b192c64b9dc2bf8b"
dependencies = [
 "cfg-if",
]

[[package]]
name = "maplit"
version = "1.0.2"
source = "registry+https://github.com/rust-lang/crates.io-index"
checksum = "3e2e65a1a2e43cfcb47a895c4c8b10d1f4a61097f9f254f183aee60cad9c651d"

[[package]]
name = "memchr"
version = "2.3.4"
source = "registry+https://github.com/rust-lang/crates.io-index"
checksum = "0ee1c47aaa256ecabcaea351eae4a9b01ef39ed810004e298d2511ed284b1525"

[[package]]
name = "num-traits"
version = "0.2.14"
source = "registry+https://github.com/rust-lang/crates.io-index"
checksum = "9a64b1ec5cda2586e284722486d802acf1f7dbdc623e2bfc57e65ca1cd099290"
dependencies = [
 "autocfg",
]

[[package]]
name = "once_cell"
version = "1.5.2"
source = "registry+https://github.com/rust-lang/crates.io-index"
checksum = "13bd41f508810a131401606d54ac32a467c97172d74ba7662562ebba5ad07fa0"

[[package]]
name = "opencv"
version = "0.46.3"
source = "registry+https://github.com/rust-lang/crates.io-index"
checksum = "aaceb178970cea3be8e8d7a1554d496092be90847cf1cccc846bfa118a63f9ce"
dependencies = [
 "cc",
 "clang",
 "dunce",
 "glob",
 "jobserver",
 "libc",
 "num-traits",
 "once_cell",
 "opencv-binding-generator",
 "pkg-config",
 "semver",
 "shlex",
 "vcpkg",
]

[[package]]
name = "opencv-binding-generator"
version = "0.21.3"
source = "registry+https://github.com/rust-lang/crates.io-index"
checksum = "a2f60ec2ee0b06d1266f37d7c083417412858410fd6e91b1353fb69ac797d8cf"
dependencies = [
 "clang",
 "clang-sys",
 "dunce",
 "maplit",
 "once_cell",
 "percent-encoding",
 "regex",
]

[[package]]
name = "percent-encoding"
version = "2.1.0"
source = "registry+https://github.com/rust-lang/crates.io-index"
checksum = "d4fd5641d01c8f18a23da7b6fe29298ff4b55afcccdf78973b24cf3175fee32e"

[[package]]
name = "pkg-config"
version = "0.3.19"
source = "registry+https://github.com/rust-lang/crates.io-index"
checksum = "3831453b3449ceb48b6d9c7ad7c96d5ea673e9b470a1dc578c2ce6521230884c"

[[package]]
name = "proc-macro-error"
version = "0.4.12"
source = "registry+https://github.com/rust-lang/crates.io-index"
checksum = "18f33027081eba0a6d8aba6d1b1c3a3be58cbb12106341c2d5759fcd9b5277e7"
dependencies = [
 "proc-macro-error-attr",
 "proc-macro2",
 "quote",
 "syn",
 "version_check",
]

[[package]]
name = "proc-macro-error-attr"
version = "0.4.12"
source = "registry+https://github.com/rust-lang/crates.io-index"
checksum = "8a5b4b77fdb63c1eca72173d68d24501c54ab1269409f6b672c85deb18af69de"
dependencies = [
 "proc-macro2",
 "quote",
 "syn",
 "syn-mid",
 "version_check",
]

[[package]]
name = "proc-macro-hack"
version = "0.5.19"
source = "registry+https://github.com/rust-lang/crates.io-index"
checksum = "dbf0c48bc1d91375ae5c3cd81e3722dff1abcf81a30960240640d223f59fe0e5"

[[package]]
name = "proc-macro2"
version = "1.0.24"
source = "registry+https://github.com/rust-lang/crates.io-index"
checksum = "1e0704ee1a7e00d7bb417d0770ea303c1bccbabf0ef1667dae92b5967f5f8a71"
dependencies = [
 "unicode-xid",
]

[[package]]
name = "quote"
version = "1.0.8"
source = "registry+https://github.com/rust-lang/crates.io-index"
checksum = "991431c3519a3f36861882da93630ce66b52918dcf1b8e2fd66b397fc96f28df"
dependencies = [
 "proc-macro2",
]

[[package]]
name = "regex"
version = "1.4.2"
source = "registry+https://github.com/rust-lang/crates.io-index"
checksum = "38cf2c13ed4745de91a5eb834e11c00bcc3709e773173b2ce4c56c9fbde04b9c"
dependencies = [
 "aho-corasick",
 "memchr",
 "regex-syntax",
 "thread_local",
]

[[package]]
name = "regex-syntax"
version = "0.6.21"
source = "registry+https://github.com/rust-lang/crates.io-index"
checksum = "3b181ba2dcf07aaccad5448e8ead58db5b742cf85dfe035e2227f137a539a189"

[[package]]
name = "semver"
version = "0.10.0"
source = "registry+https://github.com/rust-lang/crates.io-index"
checksum = "394cec28fa623e00903caf7ba4fa6fb9a0e260280bb8cdbbba029611108a0190"
dependencies = [
 "semver-parser",
]

[[package]]
name = "semver-parser"
version = "0.7.0"
source = "registry+https://github.com/rust-lang/crates.io-index"
checksum = "388a1df253eca08550bef6c72392cfe7c30914bf41df5269b68cbd6ff8f570a3"

[[package]]
name = "shlex"
version = "0.1.1"
source = "registry+https://github.com/rust-lang/crates.io-index"
checksum = "7fdf1b9db47230893d76faad238fd6097fd6d6a9245cd7a4d90dbd639536bbd2"

[[package]]
name = "syn"
version = "1.0.55"
source = "registry+https://github.com/rust-lang/crates.io-index"
checksum = "a571a711dddd09019ccc628e1b17fe87c59b09d513c06c026877aa708334f37a"
dependencies = [
 "proc-macro2",
 "quote",
 "unicode-xid",
]

[[package]]
name = "syn-mid"
version = "0.5.1"
source = "registry+https://github.com/rust-lang/crates.io-index"
checksum = "c42823f0ff906a3eb8109610e825221b07fb1456d45c7d01cf18cb581b23ecfb"
dependencies = [
 "proc-macro2",
 "quote",
 "syn",
]

[[package]]
name = "thread-scoped"
version = "1.0.2"
source = "registry+https://github.com/rust-lang/crates.io-index"
checksum = "bcbb6aa301e5d3b0b5ef639c9a9c7e2f1c944f177b460c04dc24c69b1fa2bd99"

[[package]]
name = "thread_local"
version = "1.0.1"
source = "registry+https://github.com/rust-lang/crates.io-index"
checksum = "d40c6d1b69745a6ec6fb1ca717914848da4b44ae29d9b3080cbee91d72a69b14"
dependencies = [
 "lazy_static",
]

[[package]]
name = "unicode-xid"
version = "0.2.1"
source = "registry+https://github.com/rust-lang/crates.io-index"
checksum = "f7fe0bb3479651439c9112f72b6c505038574c9fbb575ed1bf3b797fa39dd564"

[[package]]
name = "users"
version = "0.11.0"
source = "registry+https://github.com/rust-lang/crates.io-index"
checksum = "24cc0f6d6f267b73e5a2cadf007ba8f9bc39c6a6f9666f8cf25ea809a153b032"
dependencies = [
 "libc",
 "log",
]

[[package]]
name = "vcpkg"
version = "0.2.11"
source = "registry+https://github.com/rust-lang/crates.io-index"
checksum = "b00bca6106a5e23f3eee943593759b7fcddb00554332e856d990c893966879fb"

[[package]]
name = "version_check"
version = "0.9.2"
source = "registry+https://github.com/rust-lang/crates.io-index"
checksum = "b5a972e5669d67ba988ce3dc826706fb0a8b01471c088cb0b6110b805cc36aed"

[[package]]
name = "video-frame-fuse"
version = "0.1.0"
dependencies = [
 "fuse",
 "genawaiter",
 "lazy_static",
 "opencv",
 "users",
]
